{
  "nodes": {
    "nixpkgs": {
      "locked": {
        "lastModified": 1754830710,
        "narHash": "sha256-iPZ6V87vj3lZ+zdu0VwPWYhCEmNlTVcV99zRIBCyoGo=",
        "owner": "nixos",
        "repo": "nixpkgs",
        "rev": "556405fcd63953f473099c69fd8320612ac15e7a",
        "type": "github"
      },
      "original": {
        "owner": "nixos",
        "ref": "staging-next",
        "repo": "nixpkgs",
        "type": "github"
      }
    },
    "nixpkgs-cached": {
      "locked": {
        "lastModified": 1754800730,
        "narHash": "sha256-HfVZCXic9XLBgybP0318ym3cDnGwBs/+H5MgxFVYF4I=",
        "owner": "nixos",
        "repo": "nixpkgs",
        "rev": "641d909c4a7538f1539da9240dedb1755c907e40",
        "type": "github"
      },
      "original": {
        "owner": "nixos",
        "ref": "nixpkgs-unstable",
        "repo": "nixpkgs",
        "type": "github"
      }
    },
    "root": {
      "inputs": {
        "nixpkgs": "nixpkgs",
        "nixpkgs-cached": "nixpkgs-cached"
      }
    }
  },
  "root": "root",
  "version": 7
}
