{
  "nodes": {
    "nixpkgs": {
      "locked": {
        "lastModified": 1739538127,
        "narHash": "sha256-jxLXMilnYLGVPEt8j3PnRTKzoMf00juLv8VyzGPXpnk=",
        "owner": "nixos",
        "repo": "nixpkgs",
        "rev": "b457952a33c24fb6d27c27e447840ef15cca1c5d",
        "type": "github"
      },
      "original": {
        "owner": "nixos",
        "ref": "staging",
        "repo": "nixpkgs",
        "type": "github"
      }
    },
    "nixpkgs-cached": {
      "locked": {
        "lastModified": 1738797219,
        "narHash": "sha256-KRwX9Z1XavpgeSDVM/THdFd6uH8rNm/6R+7kIbGa+2s=",
        "owner": "nixos",
        "repo": "nixpkgs",
        "rev": "1da52dd49a127ad74486b135898da2cef8c62665",
        "type": "github"
      },
      "original": {
        "owner": "nixos",
        "ref": "nixpkgs-unstable",
        "repo": "nixpkgs",
        "type": "github"
      }
    },
    "root": {
      "inputs": {
        "nixpkgs": "nixpkgs",
        "nixpkgs-cached": "nixpkgs-cached"
      }
    }
  },
  "root": "root",
  "version": 7
}
