{
  "nodes": {
    "nixpkgs": {
      "locked": {
        "lastModified": 1757009110,
        "narHash": "sha256-7yP/2gR66qLa/4GRun8otKK6K+ui7b2XOcYQwEwQKDE=",
        "owner": "nixos",
        "repo": "nixpkgs",
        "rev": "63e18a8927cb5b2ee5f1937caf065bfd6b209e79",
        "type": "github"
      },
      "original": {
        "owner": "nixos",
        "ref": "staging-next",
        "repo": "nixpkgs",
        "type": "github"
      }
    },
    "nixpkgs-cached": {
      "locked": {
        "lastModified": 1754800730,
        "narHash": "sha256-HfVZCXic9XLBgybP0318ym3cDnGwBs/+H5MgxFVYF4I=",
        "owner": "nixos",
        "repo": "nixpkgs",
        "rev": "641d909c4a7538f1539da9240dedb1755c907e40",
        "type": "github"
      },
      "original": {
        "owner": "nixos",
        "ref": "nixpkgs-unstable",
        "repo": "nixpkgs",
        "type": "github"
      }
    },
    "root": {
      "inputs": {
        "nixpkgs": "nixpkgs",
        "nixpkgs-cached": "nixpkgs-cached"
      }
    }
  },
  "root": "root",
  "version": 7
}
